{
    "_readme": [
        "This file locks the dependencies of your project to a known state",
        "Read more about it at https://getcomposer.org/doc/01-basic-usage.md#composer-lock-the-lock-file",
        "This file is @generated automatically"
    ],
    "hash": "ea1e485265b3e789495583ddfeee58e4",
    "content-hash": "48c30174fd78470159c7000855ecf9b9",
    "packages": [
        {
            "name": "fguillot/picofeed",
            "version": "v0.1.17",
            "source": {
                "type": "git",
                "url": "https://github.com/fguillot/picoFeed.git",
                "reference": "6249abdd8a7070388d5257d93552b33424018a76"
            },
            "dist": {
                "type": "zip",
                "url": "https://api.github.com/repos/fguillot/picoFeed/zipball/6249abdd8a7070388d5257d93552b33424018a76",
                "reference": "6249abdd8a7070388d5257d93552b33424018a76",
                "shasum": ""
            },
            "require": {
                "ext-dom": "*",
                "ext-iconv": "*",
                "ext-libxml": "*",
                "ext-simplexml": "*",
                "ext-xml": "*",
                "php": ">=5.3.0",
                "zendframework/zendxml": "^1.0"
            },
            "suggest": {
                "ext-curl": "PicoFeed will use cURL if present"
            },
            "bin": [
                "picofeed"
            ],
            "type": "library",
            "autoload": {
                "psr-0": {
                    "PicoFeed": "lib/"
                }
            },
            "notification-url": "https://packagist.org/downloads/",
            "license": [
                "MIT"
            ],
            "authors": [
                {
                    "name": "Frédéric Guillot"
                }
            ],
            "description": "Modern library to handle RSS/Atom feeds",
            "homepage": "https://github.com/fguillot/picoFeed",
            "time": "2016-01-11 17:22:24"
        },
        {
            "name": "php-kit/composer-bower-plugin",
            "version": "dev-master",
            "source": {
                "type": "git",
                "url": "https://github.com/php-kit/composer-bower-plugin.git",
                "reference": "7bbe048c8bd368e32aab5a0d091d1f944bcd605e"
            },
            "dist": {
                "type": "zip",
                "url": "https://api.github.com/repos/php-kit/composer-bower-plugin/zipball/7bbe048c8bd368e32aab5a0d091d1f944bcd605e",
                "reference": "7bbe048c8bd368e32aab5a0d091d1f944bcd605e",
                "shasum": ""
            },
            "require": {
                "composer-plugin-api": "^1.0"
            },
            "require-dev": {
                "composer/composer": "dev-master"
            },
            "type": "composer-plugin",
            "extra": {
                "class": "PhpKit\\ComposerBowerPlugin\\Plugin"
            },
            "autoload": {
                "psr-4": {
                    "PhpKit\\ComposerBowerPlugin\\": "src"
                }
            },
            "notification-url": "https://packagist.org/downloads/",
            "license": [
                "MIT"
            ],
            "authors": [
                {
                    "name": "Claudio Silva",
                    "email": "claudio.silva@impactwave.com"
                },
                {
                    "name": "Impactwave",
                    "email": "impactwave@impactwave.com",
                    "homepage": "http://impactwave.com"
                }
            ],
            "description": "Composer plugin for installing Bower packages",
            "homepage": "https://github.com/php-kit/composer-bower-plugin",
            "keywords": [
                "assets",
                "bower",
                "composer",
                "dependency",
                "front-end",
                "packages",
                "plugin"
            ],
            "time": "2015-10-10 02:30:13"
        },
        {
            "name": "zendframework/zendxml",
            "version": "1.0.1",
            "source": {
                "type": "git",
                "url": "https://github.com/zendframework/ZendXml.git",
                "reference": "54edb3875aba5b45f02824f65f311c9fb2743a38"
            },
            "dist": {
                "type": "zip",
                "url": "https://api.github.com/repos/zendframework/ZendXml/zipball/54edb3875aba5b45f02824f65f311c9fb2743a38",
                "reference": "54edb3875aba5b45f02824f65f311c9fb2743a38",
                "shasum": ""
            },
            "require": {
                "php": ">=5.3.3"
            },
            "require-dev": {
                "phpunit/phpunit": "~3.7",
                "squizlabs/php_codesniffer": "~1.5"
            },
            "type": "library",
            "extra": {
                "branch-alias": {
                    "dev-master": "1.0-dev"
                }
            },
            "autoload": {
                "psr-0": {
                    "ZendXml\\": "library/"
                }
            },
            "notification-url": "https://packagist.org/downloads/",
            "license": [
                "BSD-3-Clause"
            ],
            "description": "Utility library for XML usage, best practices, and security in PHP",
            "homepage": "http://packages.zendframework.com/",
            "keywords": [
                "security",
                "xml",
                "zf2"
            ],
            "time": "2015-08-03 14:50:10"
        }
    ],
    "packages-dev": [],
    "aliases": [],
    "minimum-stability": "stable",
    "stability-flags": {
        "fguillot/picofeed": 0,
        "php-kit/composer-bower-plugin": 20
    },
    "prefer-stable": false,
    "prefer-lowest": false,
    "platform": [],
    "platform-dev": []
}
